Microsoft Visual Studio Solution File, Format Version 12.00
# Visual Studio Version 17
VisualStudioVersion = 17.5.2.0
MinimumVisualStudioVersion = 10.0.40219.1
Project("{FAE04EC0-301F-11D3-BF4B-00C04F79EFBC}") = "chat-real-time-backend", "chat-real-time-backend\chat-real-time-backend.csproj", "{7FC8D75A-6C7C-BE79-B328-6BE1BC1CB2B0}"
EndProject
Global
	GlobalSection(SolutionConfigurationPlatforms) = preSolution
		Debug|Any CPU = Debug|Any CPU
		Release|Any CPU = Release|Any CPU
	EndGlobalSection
	GlobalSection(ProjectConfigurationPlatforms) = postSolution
		{7FC8D75A-6C7C-BE79-B328-6BE1BC1CB2B0}.Debug|Any CPU.ActiveCfg = Debug|Any CPU
		{7FC8D75A-6C7C-BE79-B328-6BE1BC1CB2B0}.Debug|Any CPU.Build.0 = Debug|Any CPU
		{7FC8D75A-6C7C-BE79-B328-6BE1BC1CB2B0}.Release|Any CPU.ActiveCfg = Release|Any CPU
		{7FC8D75A-6C7C-BE79-B328-6BE1BC1CB2B0}.Release|Any CPU.Build.0 = Release|Any CPU
	EndGlobalSection
	GlobalSection(SolutionProperties) = preSolution
		HideSolutionNode = FALSE
	EndGlobalSection
	GlobalSection(ExtensibilityGlobals) = postSolution
		SolutionGuid = {348EC056-D088-44E1-A52B-36803A5E9BB8}
	EndGlobalSection
EndGlobal
